
Microsoft Visual Studio Solution File, Format Version 12.00
# Visual Studio Version 17
VisualStudioVersion = 17.8.34322.80
MinimumVisualStudioVersion = 10.0.40219.1
Project("{888888A0-9F3D-457C-B088-3A5042F75D52}") = "IS_Lab_1", "IS_Lab_1\IS_Lab_1.pyproj", "{8C7B97C6-0702-47C1-974C-88C568AF8A4C}"
EndProject
Global
	GlobalSection(SolutionConfigurationPlatforms) = preSolution
		Debug|Any CPU = Debug|Any CPU
		Release|Any CPU = Release|Any CPU
	EndGlobalSection
	GlobalSection(ProjectConfigurationPlatforms) = postSolution
		{8C7B97C6-0702-47C1-974C-88C568AF8A4C}.Debug|Any CPU.ActiveCfg = Debug|Any CPU
		{8C7B97C6-0702-47C1-974C-88C568AF8A4C}.Release|Any CPU.ActiveCfg = Release|Any CPU
	EndGlobalSection
	GlobalSection(SolutionProperties) = preSolution
		HideSolutionNode = FALSE
	EndGlobalSection
	GlobalSection(ExtensibilityGlobals) = postSolution
		SolutionGuid = {890AEC54-D2D6-41A6-8D68-EE34D091A1FD}
	EndGlobalSection
EndGlobal
